
Microsoft Visual Studio Solution File, Format Version 12.00
# Visual Studio 15
VisualStudioVersion = 15.0.27428.2037
MinimumVisualStudioVersion = 10.0.40219.1
Project("{2150E333-8FDC-42A3-9474-1A3956D46DE8}") = "Solution Items", "Solution Items", "{AF81768C-E828-48D5-894F-35DABD0BC1E3}"
	ProjectSection(SolutionItems) = preProject
		..\LinuxBuildScripts\snmp.xml = ..\LinuxBuildScripts\snmp.xml
		..\LinuxBuildScripts\snmpd.conf = ..\LinuxBuildScripts\snmpd.conf
		..\LinuxBuildScripts\snmpdconf.sh = ..\LinuxBuildScripts\snmpdconf.sh
	EndProjectSection
EndProject
Global
	GlobalSection(SolutionProperties) = preSolution
		HideSolutionNode = FALSE
	EndGlobalSection
	GlobalSection(ExtensibilityGlobals) = postSolution
		SolutionGuid = {948F8A9F-411A-46B2-BE13-FBDEB1DF44CE}
	EndGlobalSection
EndGlobal
